
Microsoft Visual Studio Solution File, Format Version 12.00
# Visual Studio 2012
Project("{FAE04EC0-301F-11D3-BF4B-00C04F79EFBC}") = "SPDYCheckConsole", "SPDYCheckConsole\SPDYCheckConsole.csproj", "{1C6A7867-EAA2-4E79-B07D-9BE6D7D9CC02}"
EndProject
Project("{FAE04EC0-301F-11D3-BF4B-00C04F79EFBC}") = "SPDYAnalysis", "..\SPDYAnalysis\SPDYAnalysis.csproj", "{1C7E8F96-23ED-4A52-B41A-E5A5D44D9787}"
EndProject
Global
	GlobalSection(SolutionConfigurationPlatforms) = preSolution
		Debug|Any CPU = Debug|Any CPU
		Release|Any CPU = Release|Any CPU
	EndGlobalSection
	GlobalSection(ProjectConfigurationPlatforms) = postSolution
		{1C6A7867-EAA2-4E79-B07D-9BE6D7D9CC02}.Debug|Any CPU.ActiveCfg = Debug|Any CPU
		{1C6A7867-EAA2-4E79-B07D-9BE6D7D9CC02}.Debug|Any CPU.Build.0 = Debug|Any CPU
		{1C6A7867-EAA2-4E79-B07D-9BE6D7D9CC02}.Release|Any CPU.ActiveCfg = Release|Any CPU
		{1C6A7867-EAA2-4E79-B07D-9BE6D7D9CC02}.Release|Any CPU.Build.0 = Release|Any CPU
		{1C7E8F96-23ED-4A52-B41A-E5A5D44D9787}.Debug|Any CPU.ActiveCfg = Debug|Any CPU
		{1C7E8F96-23ED-4A52-B41A-E5A5D44D9787}.Debug|Any CPU.Build.0 = Debug|Any CPU
		{1C7E8F96-23ED-4A52-B41A-E5A5D44D9787}.Release|Any CPU.ActiveCfg = Release|Any CPU
		{1C7E8F96-23ED-4A52-B41A-E5A5D44D9787}.Release|Any CPU.Build.0 = Release|Any CPU
	EndGlobalSection
	GlobalSection(SolutionProperties) = preSolution
		HideSolutionNode = FALSE
	EndGlobalSection
EndGlobal
